{
  "name": "nadavami.github.io",
  "lockfileVersion": 3,
  "requires": true,
  "packages": {
    "": {
      "name": "nadavami.github.io",
      "dependencies": {
        "@fontsource/commit-mono": "^5"
      }
    },
    "node_modules/@fontsource/commit-mono": {
      "version": "5.2.5",
      "resolved": "https://registry.npmjs.org/@fontsource/commit-mono/-/commit-mono-5.2.5.tgz",
      "integrity": "sha512-htX8yQWtiPt5L1Hzh4sirvfUJT2+KYiquDB/Q2sY2tWQYplpBUOD5zHnIM3k36Hnm4V+JIIqA/wmwupSQ68WjA==",
      "license": "OFL-1.1",
      "funding": {
        "url": "https://github.com/sponsors/ayuhito"
      }
    }
  }
}
